// !$*UTF8*$!
{
	archiveVersion = 1;
	classes = {
	};
	objectVersion = 50;
	objects = {

/* Begin PBXBuildFile section */
		182C82D322E804740048EB9B /* main.swift in Sources */ = {isa = PBXBuildFile; fileRef = 182C82D222E804740048EB9B /* main.swift */; };
		182C82DA22E804980048EB9B /* EasySolution.swift in Sources */ = {isa = PBXBuildFile; fileRef = 182C82D922E804980048EB9B /* EasySolution.swift */; };
		182C82DC22E842A70048EB9B /* MediumSolution.swift in Sources */ = {isa = PBXBuildFile; fileRef = 182C82DB22E842A70048EB9B /* MediumSolution.swift */; };
		F4C8A59A23EC294E00DECA65 /* main.cpp in Sources */ = {isa = PBXBuildFile; fileRef = F4C8A59923EC294E00DECA65 /* main.cpp */; };
/* End PBXBuildFile section */

/* Begin PBXCopyFilesBuildPhase section */
		182C82CD22E804740048EB9B /* CopyFiles */ = {
			isa = PBXCopyFilesBuildPhase;
			buildActionMask = 2147483647;
			dstPath = /usr/share/man/man1/;
			dstSubfolderSpec = 0;
			files = (
			);
			runOnlyForDeploymentPostprocessing = 1;
		};
		F4C8A59523EC294E00DECA65 /* CopyFiles */ = {
			isa = PBXCopyFilesBuildPhase;
			buildActionMask = 2147483647;
			dstPath = /usr/share/man/man1/;
			dstSubfolderSpec = 0;
			files = (
			);
			runOnlyForDeploymentPostprocessing = 1;
		};
/* End PBXCopyFilesBuildPhase section */

/* Begin PBXFileReference section */
		182C82CF22E804740048EB9B /* DynamicPlaning */ = {isa = PBXFileReference; explicitFileType = "compiled.mach-o.executable"; includeInIndex = 0; path = DynamicPlaning; sourceTree = BUILT_PRODUCTS_DIR; };
		182C82D222E804740048EB9B /* main.swift */ = {isa = PBXFileReference; lastKnownFileType = sourcecode.swift; path = main.swift; sourceTree = "<group>"; };
		182C82D922E804980048EB9B /* EasySolution.swift */ = {isa = PBXFileReference; lastKnownFileType = sourcecode.swift; path = EasySolution.swift; sourceTree = "<group>"; };
		182C82DB22E842A70048EB9B /* MediumSolution.swift */ = {isa = PBXFileReference; lastKnownFileType = sourcecode.swift; path = MediumSolution.swift; sourceTree = "<group>"; };
		F4C8A59723EC294E00DECA65 /* DynamicPCpp */ = {isa = PBXFileReference; explicitFileType = "compiled.mach-o.executable"; includeInIndex = 0; path = DynamicPCpp; sourceTree = BUILT_PRODUCTS_DIR; };
		F4C8A59923EC294E00DECA65 /* main.cpp */ = {isa = PBXFileReference; lastKnownFileType = sourcecode.cpp.cpp; path = main.cpp; sourceTree = "<group>"; };
/* End PBXFileReference section */

/* Begin PBXFrameworksBuildPhase section */
		182C82CC22E804740048EB9B /* Frameworks */ = {
			isa = PBXFrameworksBuildPhase;
			buildActionMask = 2147483647;
			files = (
			);
			runOnlyForDeploymentPostprocessing = 0;
		};
		F4C8A59423EC294E00DECA65 /* Frameworks */ = {
			isa = PBXFrameworksBuildPhase;
			buildActionMask = 2147483647;
			files = (
			);
			runOnlyForDeploymentPostprocessing = 0;
		};
/* End PBXFrameworksBuildPhase section */

/* Begin PBXGroup section */
		182C82C622E804740048EB9B = {
			isa = PBXGroup;
			children = (
				182C82D122E804740048EB9B /* DynamicPlaning */,
				F4C8A59823EC294E00DECA65 /* DynamicPCpp */,
				182C82D022E804740048EB9B /* Products */,
			);
			sourceTree = "<group>";
		};
		182C82D022E804740048EB9B /* Products */ = {
			isa = PBXGroup;
			children = (
				182C82CF22E804740048EB9B /* DynamicPlaning */,
				F4C8A59723EC294E00DECA65 /* DynamicPCpp */,
			);
			name = Products;
			sourceTree = "<group>";
		};
		182C82D122E804740048EB9B /* DynamicPlaning */ = {
			isa = PBXGroup;
			children = (
				182C82D222E804740048EB9B /* main.swift */,
				182C82D922E804980048EB9B /* EasySolution.swift */,
				182C82DB22E842A70048EB9B /* MediumSolution.swift */,
			);
			path = DynamicPlaning;
			sourceTree = "<group>";
		};
		F4C8A59823EC294E00DECA65 /* DynamicPCpp */ = {
			isa = PBXGroup;
			children = (
				F4C8A59923EC294E00DECA65 /* main.cpp */,
			);
			path = DynamicPCpp;
			sourceTree = "<group>";
		};
/* End PBXGroup section */

/* Begin PBXNativeTarget section */
		182C82CE22E804740048EB9B /* DynamicPlaning */ = {
			isa = PBXNativeTarget;
			buildConfigurationList = 182C82D622E804740048EB9B /* Build configuration list for PBXNativeTarget "DynamicPlaning" */;
			buildPhases = (
				182C82CB22E804740048EB9B /* Sources */,
				182C82CC22E804740048EB9B /* Frameworks */,
				182C82CD22E804740048EB9B /* CopyFiles */,
			);
			buildRules = (
			);
			dependencies = (
			);
			name = DynamicPlaning;
			productName = DynamicPlaning;
			productReference = 182C82CF22E804740048EB9B /* DynamicPlaning */;
			productType = "com.apple.product-type.tool";
		};
		F4C8A59623EC294E00DECA65 /* DynamicPCpp */ = {
			isa = PBXNativeTarget;
			buildConfigurationList = F4C8A59D23EC294E00DECA65 /* Build configuration list for PBXNativeTarget "DynamicPCpp" */;
			buildPhases = (
				F4C8A59323EC294E00DECA65 /* Sources */,
				F4C8A59423EC294E00DECA65 /* Frameworks */,
				F4C8A59523EC294E00DECA65 /* CopyFiles */,
			);
			buildRules = (
			);
			dependencies = (
			);
			name = DynamicPCpp;
			productName = DynamicPCpp;
			productReference = F4C8A59723EC294E00DECA65 /* DynamicPCpp */;
			productType = "com.apple.product-type.tool";
		};
/* End PBXNativeTarget section */

/* Begin PBXProject section */
		182C82C722E804740048EB9B /* Project object */ = {
			isa = PBXProject;
			attributes = {
				LastSwiftUpdateCheck = 1100;
				LastUpgradeCheck = 1100;
				ORGANIZATIONNAME = Pszertlek.com.cn;
				TargetAttributes = {
					182C82CE22E804740048EB9B = {
						CreatedOnToolsVersion = 11.0;
					};
					F4C8A59623EC294E00DECA65 = {
						CreatedOnToolsVersion = 11.3;
					};
				};
			};
			buildConfigurationList = 182C82CA22E804740048EB9B /* Build configuration list for PBXProject "DynamicPlaning" */;
			compatibilityVersion = "Xcode 9.3";
			developmentRegion = en;
			hasScannedForEncodings = 0;
			knownRegions = (
				en,
				Base,
			);
			mainGroup = 182C82C622E804740048EB9B;
			productRefGroup = 182C82D022E804740048EB9B /* Products */;
			projectDirPath = "";
			projectRoot = "";
			targets = (
				182C82CE22E804740048EB9B /* DynamicPlaning */,
				F4C8A59623EC294E00DECA65 /* DynamicPCpp */,
			);
		};
/* End PBXProject section */

/* Begin PBXSourcesBuildPhase section */
		182C82CB22E804740048EB9B /* Sources */ = {
			isa = PBXSourcesBuildPhase;
			buildActionMask = 2147483647;
			files = (
				182C82DC22E842A70048EB9B /* MediumSolution.swift in Sources */,
				182C82DA22E804980048EB9B /* EasySolution.swift in Sources */,
				182C82D322E804740048EB9B /* main.swift in Sources */,
			);
			runOnlyForDeploymentPostprocessing = 0;
		};
		F4C8A59323EC294E00DECA65 /* Sources */ = {
			isa = PBXSourcesBuildPhase;
			buildActionMask = 2147483647;
			files = (
				F4C8A59A23EC294E00DECA65 /* main.cpp in Sources */,
			);
			runOnlyForDeploymentPostprocessing = 0;
		};
/* End PBXSourcesBuildPhase section */

/* Begin XCBuildConfiguration section */
		182C82D422E804740048EB9B /* Debug */ = {
			isa = XCBuildConfiguration;
			buildSettings = {
				ALWAYS_SEARCH_USER_PATHS = NO;
				CLANG_ANALYZER_NONNULL = YES;
				CLANG_ANALYZER_NUMBER_OBJECT_CONVERSION = YES_AGGRESSIVE;
				CLANG_CXX_LANGUAGE_STANDARD = "gnu++14";
				CLANG_CXX_LIBRARY = "libc++";
				CLANG_ENABLE_MODULES = YES;
				CLANG_ENABLE_OBJC_ARC = YES;
				CLANG_ENABLE_OBJC_WEAK = YES;
				CLANG_WARN_BLOCK_CAPTURE_AUTORELEASING = YES;
				CLANG_WARN_BOOL_CONVERSION = YES;
				CLANG_WARN_COMMA = YES;
				CLANG_WARN_CONSTANT_CONVERSION = YES;
				CLANG_WARN_DEPRECATED_OBJC_IMPLEMENTATIONS = YES;
				CLANG_WARN_DIRECT_OBJC_ISA_USAGE = YES_ERROR;
				CLANG_WARN_DOCUMENTATION_COMMENTS = YES;
				CLANG_WARN_EMPTY_BODY = YES;
				CLANG_WARN_ENUM_CONVERSION = YES;
				CLANG_WARN_INFINITE_RECURSION = YES;
				CLANG_WARN_INT_CONVERSION = YES;
				CLANG_WARN_NON_LITERAL_NULL_CONVERSION = YES;
				CLANG_WARN_OBJC_IMPLICIT_RETAIN_SELF = YES;
				CLANG_WARN_OBJC_LITERAL_CONVERSION = YES;
				CLANG_WARN_OBJC_ROOT_CLASS = YES_ERROR;
				CLANG_WARN_RANGE_LOOP_ANALYSIS = YES;
				CLANG_WARN_STRICT_PROTOTYPES = YES;
				CLANG_WARN_SUSPICIOUS_MOVE = YES;
				CLANG_WARN_UNGUARDED_AVAILABILITY = YES_AGGRESSIVE;
				CLANG_WARN_UNREACHABLE_CODE = YES;
				CLANG_WARN__DUPLICATE_METHOD_MATCH = YES;
				COPY_PHASE_STRIP = NO;
				DEBUG_INFORMATION_FORMAT = dwarf;
				ENABLE_STRICT_OBJC_MSGSEND = YES;
				ENABLE_TESTABILITY = YES;
				GCC_C_LANGUAGE_STANDARD = gnu11;
				GCC_DYNAMIC_NO_PIC = NO;
				GCC_NO_COMMON_BLOCKS = YES;
				GCC_OPTIMIZATION_LEVEL = 0;
				GCC_PREPROCESSOR_DEFINITIONS = (
					"DEBUG=1",
					"$(inherited)",
				);
				GCC_WARN_64_TO_32_BIT_CONVERSION = YES;
				GCC_WARN_ABOUT_RETURN_TYPE = YES_ERROR;
				GCC_WARN_UNDECLARED_SELECTOR = YES;
				GCC_WARN_UNINITIALIZED_AUTOS = YES_AGGRESSIVE;
				GCC_WARN_UNUSED_FUNCTION = YES;
				GCC_WARN_UNUSED_VARIABLE = YES;
				MACOSX_DEPLOYMENT_TARGET = 10.15;
				MTL_ENABLE_DEBUG_INFO = INCLUDE_SOURCE;
				MTL_FAST_MATH = YES;
				ONLY_ACTIVE_ARCH = YES;
				SDKROOT = macosx;
				SWIFT_ACTIVE_COMPILATION_CONDITIONS = DEBUG;
				SWIFT_OPTIMIZATION_LEVEL = "-Onone";
			};
			name = Debug;
		};
		182C82D522E804740048EB9B /* Release */ = {
			isa = XCBuildConfiguration;
			buildSettings = {
				ALWAYS_SEARCH_USER_PATHS = NO;
				CLANG_ANALYZER_NONNULL = YES;
				CLANG_ANALYZER_NUMBER_OBJECT_CONVERSION = YES_AGGRESSIVE;
				CLANG_CXX_LANGUAGE_STANDARD = "gnu++14";
				CLANG_CXX_LIBRARY = "libc++";
				CLANG_ENABLE_MODULES = YES;
				CLANG_ENABLE_OBJC_ARC = YES;
				CLANG_ENABLE_OBJC_WEAK = YES;
				CLANG_WARN_BLOCK_CAPTURE_AUTORELEASING = YES;
				CLANG_WARN_BOOL_CONVERSION = YES;
				CLANG_WARN_COMMA = YES;
				CLANG_WARN_CONSTANT_CONVERSION = YES;
				CLANG_WARN_DEPRECATED_OBJC_IMPLEMENTATIONS = YES;
				CLANG_WARN_DIRECT_OBJC_ISA_USAGE = YES_ERROR;
				CLANG_WARN_DOCUMENTATION_COMMENTS = YES;
				CLANG_WARN_EMPTY_BODY = YES;
				CLANG_WARN_ENUM_CONVERSION = YES;
				CLANG_WARN_INFINITE_RECURSION = YES;
				CLANG_WARN_INT_CONVERSION = YES;
				CLANG_WARN_NON_LITERAL_NULL_CONVERSION = YES;
				CLANG_WARN_OBJC_IMPLICIT_RETAIN_SELF = YES;
				CLANG_WARN_OBJC_LITERAL_CONVERSION = YES;
				CLANG_WARN_OBJC_ROOT_CLASS = YES_ERROR;
				CLANG_WARN_RANGE_LOOP_ANALYSIS = YES;
				CLANG_WARN_STRICT_PROTOTYPES = YES;
				CLANG_WARN_SUSPICIOUS_MOVE = YES;
				CLANG_WARN_UNGUARDED_AVAILABILITY = YES_AGGRESSIVE;
				CLANG_WARN_UNREACHABLE_CODE = YES;
				CLANG_WARN__DUPLICATE_METHOD_MATCH = YES;
				COPY_PHASE_STRIP = NO;
				DEBUG_INFORMATION_FORMAT = "dwarf-with-dsym";
				ENABLE_NS_ASSERTIONS = NO;
				ENABLE_STRICT_OBJC_MSGSEND = YES;
				GCC_C_LANGUAGE_STANDARD = gnu11;
				GCC_NO_COMMON_BLOCKS = YES;
				GCC_WARN_64_TO_32_BIT_CONVERSION = YES;
				GCC_WARN_ABOUT_RETURN_TYPE = YES_ERROR;
				GCC_WARN_UNDECLARED_SELECTOR = YES;
				GCC_WARN_UNINITIALIZED_AUTOS = YES_AGGRESSIVE;
				GCC_WARN_UNUSED_FUNCTION = YES;
				GCC_WARN_UNUSED_VARIABLE = YES;
				MACOSX_DEPLOYMENT_TARGET = 10.15;
				MTL_ENABLE_DEBUG_INFO = NO;
				MTL_FAST_MATH = YES;
				SDKROOT = macosx;
				SWIFT_COMPILATION_MODE = wholemodule;
				SWIFT_OPTIMIZATION_LEVEL = "-O";
			};
			name = Release;
		};
		182C82D722E804740048EB9B /* Debug */ = {
			isa = XCBuildConfiguration;
			buildSettings = {
				CODE_SIGN_STYLE = Automatic;
				DEVELOPMENT_TEAM = WEZ4TNATDY;
				ENABLE_HARDENED_RUNTIME = YES;
				MACOSX_DEPLOYMENT_TARGET = 10.14;
				PRODUCT_NAME = "$(TARGET_NAME)";
				SWIFT_VERSION = 5.0;
			};
			name = Debug;
		};
		182C82D822E804740048EB9B /* Release */ = {
			isa = XCBuildConfiguration;
			buildSettings = {
				CODE_SIGN_STYLE = Automatic;
				DEVELOPMENT_TEAM = WEZ4TNATDY;
				ENABLE_HARDENED_RUNTIME = YES;
				MACOSX_DEPLOYMENT_TARGET = 10.14;
				PRODUCT_NAME = "$(TARGET_NAME)";
				SWIFT_VERSION = 5.0;
			};
			name = Release;
		};
		F4C8A59B23EC294E00DECA65 /* Debug */ = {
			isa = XCBuildConfiguration;
			buildSettings = {
				CODE_SIGN_STYLE = Automatic;
				DEVELOPMENT_TEAM = WEZ4TNATDY;
				ENABLE_HARDENED_RUNTIME = YES;
				MACOSX_DEPLOYMENT_TARGET = 10.14;
				PRODUCT_NAME = "$(TARGET_NAME)";
			};
			name = Debug;
		};
		F4C8A59C23EC294E00DECA65 /* Release */ = {
			isa = XCBuildConfiguration;
			buildSettings = {
				CODE_SIGN_STYLE = Automatic;
				DEVELOPMENT_TEAM = WEZ4TNATDY;
				ENABLE_HARDENED_RUNTIME = YES;
				MACOSX_DEPLOYMENT_TARGET = 10.14;
				PRODUCT_NAME = "$(TARGET_NAME)";
			};
			name = Release;
		};
/* End XCBuildConfiguration section */

/* Begin XCConfigurationList section */
		182C82CA22E804740048EB9B /* Build configuration list for PBXProject "DynamicPlaning" */ = {
			isa = XCConfigurationList;
			buildConfigurations = (
				182C82D422E804740048EB9B /* Debug */,
				182C82D522E804740048EB9B /* Release */,
			);
			defaultConfigurationIsVisible = 0;
			defaultConfigurationName = Release;
		};
		182C82D622E804740048EB9B /* Build configuration list for PBXNativeTarget "DynamicPlaning" */ = {
			isa = XCConfigurationList;
			buildConfigurations = (
				182C82D722E804740048EB9B /* Debug */,
				182C82D822E804740048EB9B /* Release */,
			);
			defaultConfigurationIsVisible = 0;
			defaultConfigurationName = Release;
		};
		F4C8A59D23EC294E00DECA65 /* Build configuration list for PBXNativeTarget "DynamicPCpp" */ = {
			isa = XCConfigurationList;
			buildConfigurations = (
				F4C8A59B23EC294E00DECA65 /* Debug */,
				F4C8A59C23EC294E00DECA65 /* Release */,
			);
			defaultConfigurationIsVisible = 0;
			defaultConfigurationName = Release;
		};
/* End XCConfigurationList section */
	};
	rootObject = 182C82C722E804740048EB9B /* Project object */;
}
