// !$*UTF8*$!
{
	archiveVersion = 1;
	classes = {
	};
	objectVersion = 48;
	objects = {

/* Begin PBXBuildFile section */
		1806A650225C8A2000369540 /* DoubleNodeSolution.swift in Sources */ = {isa = PBXBuildFile; fileRef = 1806A64F225C8A2000369540 /* DoubleNodeSolution.swift */; };
		18289BFB222CF2E100184949 /* Dijkstra.swift in Sources */ = {isa = PBXBuildFile; fileRef = 18289BFA222CF2E100184949 /* Dijkstra.swift */; };
		184394C6221BE18A00B8509A /* BinarySearch.swift in Sources */ = {isa = PBXBuildFile; fileRef = 184394C5221BE18A00B8509A /* BinarySearch.swift */; };
		184394C8221BE19C00B8509A /* TreeNode.swift in Sources */ = {isa = PBXBuildFile; fileRef = 184394C7221BE19C00B8509A /* TreeNode.swift */; };
		184394CA221BE1A500B8509A /* LinkNode.swift in Sources */ = {isa = PBXBuildFile; fileRef = 184394C9221BE1A500B8509A /* LinkNode.swift */; };
		184394CC221C099800B8509A /* Array.swift in Sources */ = {isa = PBXBuildFile; fileRef = 184394CB221C099800B8509A /* Array.swift */; };
		184394CE221FC25F00B8509A /* BitCompute.swift in Sources */ = {isa = PBXBuildFile; fileRef = 184394CD221FC25F00B8509A /* BitCompute.swift */; };
		184394D12223F30700B8509A /* Heap.swift in Sources */ = {isa = PBXBuildFile; fileRef = 184394D02223F30700B8509A /* Heap.swift */; };
		184394D42225349500B8509A /* Graph.swift in Sources */ = {isa = PBXBuildFile; fileRef = 184394D32225349500B8509A /* Graph.swift */; };
		1850196E227E7C9D009DA33F /* HashSolution.swift in Sources */ = {isa = PBXBuildFile; fileRef = 1850196D227E7C9D009DA33F /* HashSolution.swift */; };
		18501970228280ED009DA33F /* RedBlackTree.swift in Sources */ = {isa = PBXBuildFile; fileRef = 1850196F228280ED009DA33F /* RedBlackTree.swift */; };
		189A63E72242313A006D26CF /* Backtracking.swift in Sources */ = {isa = PBXBuildFile; fileRef = 189A63E62242313A006D26CF /* Backtracking.swift */; };
		189EE9471FDBB92F001CA7EA /* LongestPalindrome.swift in Sources */ = {isa = PBXBuildFile; fileRef = 189EE9461FDBB92F001CA7EA /* LongestPalindrome.swift */; };
		18A52DD01FCBF451005A3B6E /* main.swift in Sources */ = {isa = PBXBuildFile; fileRef = 18A52DCF1FCBF451005A3B6E /* main.swift */; };
		18A52DD71FCBF6BC005A3B6E /* LC2Sum.swift in Sources */ = {isa = PBXBuildFile; fileRef = 18A52DD61FCBF6BC005A3B6E /* LC2Sum.swift */; };
		18A52DD91FCBF8FA005A3B6E /* LCStack.swift in Sources */ = {isa = PBXBuildFile; fileRef = 18A52DD81FCBF8FA005A3B6E /* LCStack.swift */; };
		18A52DDB1FCC0615005A3B6E /* MergeSortedArray.swift in Sources */ = {isa = PBXBuildFile; fileRef = 18A52DDA1FCC0615005A3B6E /* MergeSortedArray.swift */; };
		18A5B86A2017304D003623BB /* FindDisappearNumber.swift in Sources */ = {isa = PBXBuildFile; fileRef = 18A5B8692017304D003623BB /* FindDisappearNumber.swift */; };
		18A5B86C20173E37003623BB /* RemoveElement.swift in Sources */ = {isa = PBXBuildFile; fileRef = 18A5B86B20173E37003623BB /* RemoveElement.swift */; };
		18AC080022851E9000A0551E /* StringSolution.swift in Sources */ = {isa = PBXBuildFile; fileRef = 18AC07FF22851E9000A0551E /* StringSolution.swift */; };
		18AF899D20243885003EBB1D /* FindPivotIndex.swift in Sources */ = {isa = PBXBuildFile; fileRef = 18AF899C20243885003EBB1D /* FindPivotIndex.swift */; };
		18B1874A201AC4FD00842F09 /* ToeplitzMatrix.swift in Sources */ = {isa = PBXBuildFile; fileRef = 18B18749201AC4FD00842F09 /* ToeplitzMatrix.swift */; };
		18B4F33F2018215800CDD3A9 /* LargestOfArray.swift in Sources */ = {isa = PBXBuildFile; fileRef = 18B4F33E2018215800CDD3A9 /* LargestOfArray.swift */; };
		18B4F3412018283E00CDD3A9 /* SearchInsertPosition.swift in Sources */ = {isa = PBXBuildFile; fileRef = 18B4F3402018283E00CDD3A9 /* SearchInsertPosition.swift */; };
		18B4F3492018367100CDD3A9 /* unitTest.swift in Sources */ = {isa = PBXBuildFile; fileRef = 18B4F3482018367100CDD3A9 /* unitTest.swift */; };
		18B4F34E2018546900CDD3A9 /* FindDisappearNumber.swift in Sources */ = {isa = PBXBuildFile; fileRef = 18A5B8692017304D003623BB /* FindDisappearNumber.swift */; };
		18B4F34F2018546E00CDD3A9 /* RemoveElement.swift in Sources */ = {isa = PBXBuildFile; fileRef = 18A5B86B20173E37003623BB /* RemoveElement.swift */; };
		18B4F3502018547000CDD3A9 /* LargestOfArray.swift in Sources */ = {isa = PBXBuildFile; fileRef = 18B4F33E2018215800CDD3A9 /* LargestOfArray.swift */; };
		18B4F3522018547500CDD3A9 /* AddTwoNumbers.swift in Sources */ = {isa = PBXBuildFile; fileRef = 18D7B5581FCEAD3400D7AF18 /* AddTwoNumbers.swift */; };
		18B4F3542018547900CDD3A9 /* LC2Sum.swift in Sources */ = {isa = PBXBuildFile; fileRef = 18A52DD61FCBF6BC005A3B6E /* LC2Sum.swift */; };
		18B4F35620185B6400CDD3A9 /* MinCostClimbingStairs.swift in Sources */ = {isa = PBXBuildFile; fileRef = 18B4F35520185B6400CDD3A9 /* MinCostClimbingStairs.swift */; };
		18B4F35720185B6400CDD3A9 /* MinCostClimbingStairs.swift in Sources */ = {isa = PBXBuildFile; fileRef = 18B4F35520185B6400CDD3A9 /* MinCostClimbingStairs.swift */; };
		18C702BA201978C70097F051 /* RemoveDuplicates.swift in Sources */ = {isa = PBXBuildFile; fileRef = 18C702B9201978C70097F051 /* RemoveDuplicates.swift */; };
		18C702BB201978C70097F051 /* RemoveDuplicates.swift in Sources */ = {isa = PBXBuildFile; fileRef = 18C702B9201978C70097F051 /* RemoveDuplicates.swift */; };
		18C702CF2019BD790097F051 /* MaximumSubarray.swift in Sources */ = {isa = PBXBuildFile; fileRef = 18C702CE2019BD790097F051 /* MaximumSubarray.swift */; };
		18C702D02019BD790097F051 /* MaximumSubarray.swift in Sources */ = {isa = PBXBuildFile; fileRef = 18C702CE2019BD790097F051 /* MaximumSubarray.swift */; };
		18C702D22019CB210097F051 /* PlusOne.swift in Sources */ = {isa = PBXBuildFile; fileRef = 18C702D12019CB210097F051 /* PlusOne.swift */; };
		18C702D32019CB210097F051 /* PlusOne.swift in Sources */ = {isa = PBXBuildFile; fileRef = 18C702D12019CB210097F051 /* PlusOne.swift */; };
		18C702D52019E10B0097F051 /* PascalTriangle .swift in Sources */ = {isa = PBXBuildFile; fileRef = 18C702D42019E10B0097F051 /* PascalTriangle .swift */; };
		18C702D62019E10B0097F051 /* PascalTriangle .swift in Sources */ = {isa = PBXBuildFile; fileRef = 18C702D42019E10B0097F051 /* PascalTriangle .swift */; };
		18D7B5521FCD482F00D7AF18 /* OneBitTwoBitCharacters.swift in Sources */ = {isa = PBXBuildFile; fileRef = 18D7B5511FCD482F00D7AF18 /* OneBitTwoBitCharacters.swift */; };
		18D7B5541FCE781100D7AF18 /* DegreeOfAnArray.swift in Sources */ = {isa = PBXBuildFile; fileRef = 18D7B5531FCE781100D7AF18 /* DegreeOfAnArray.swift */; };
		18D7B5561FCE9D4E00D7AF18 /* MaxAreaOfIsland.swift in Sources */ = {isa = PBXBuildFile; fileRef = 18D7B5551FCE9D4E00D7AF18 /* MaxAreaOfIsland.swift */; };
		18D7B5591FCEAD3400D7AF18 /* AddTwoNumbers.swift in Sources */ = {isa = PBXBuildFile; fileRef = 18D7B5581FCEAD3400D7AF18 /* AddTwoNumbers.swift */; };
		18ED201E22E15AF50021E2B1 /* MaxSubArraySolution.swift in Sources */ = {isa = PBXBuildFile; fileRef = 18ED201D22E15AF50021E2B1 /* MaxSubArraySolution.swift */; };
		18FF6AB92491CDAC00337E39 /* StringSolution.swift in Sources */ = {isa = PBXBuildFile; fileRef = 18AC07FF22851E9000A0551E /* StringSolution.swift */; };
		F4519459203AB7B80000CD0A /* LongestContinuousIncresingSub.swift in Sources */ = {isa = PBXBuildFile; fileRef = F4519458203AB7B80000CD0A /* LongestContinuousIncresingSub.swift */; };
		F451945B203BEAB40000CD0A /* MaximumAverageSubarray.swift in Sources */ = {isa = PBXBuildFile; fileRef = F451945A203BEAB40000CD0A /* MaximumAverageSubarray.swift */; };
/* End PBXBuildFile section */

/* Begin PBXCopyFilesBuildPhase section */
		18A52DCA1FCBF451005A3B6E /* CopyFiles */ = {
			isa = PBXCopyFilesBuildPhase;
			buildActionMask = 2147483647;
			dstPath = /usr/share/man/man1/;
			dstSubfolderSpec = 0;
			files = (
			);
			runOnlyForDeploymentPostprocessing = 1;
		};
/* End PBXCopyFilesBuildPhase section */

/* Begin PBXFileReference section */
		1806A64F225C8A2000369540 /* DoubleNodeSolution.swift */ = {isa = PBXFileReference; lastKnownFileType = sourcecode.swift; path = DoubleNodeSolution.swift; sourceTree = "<group>"; };
		18289BFA222CF2E100184949 /* Dijkstra.swift */ = {isa = PBXFileReference; lastKnownFileType = sourcecode.swift; path = Dijkstra.swift; sourceTree = "<group>"; };
		184394C5221BE18A00B8509A /* BinarySearch.swift */ = {isa = PBXFileReference; fileEncoding = 4; lastKnownFileType = sourcecode.swift; path = BinarySearch.swift; sourceTree = "<group>"; };
		184394C7221BE19C00B8509A /* TreeNode.swift */ = {isa = PBXFileReference; fileEncoding = 4; lastKnownFileType = sourcecode.swift; path = TreeNode.swift; sourceTree = "<group>"; };
		184394C9221BE1A500B8509A /* LinkNode.swift */ = {isa = PBXFileReference; fileEncoding = 4; lastKnownFileType = sourcecode.swift; path = LinkNode.swift; sourceTree = "<group>"; };
		184394CB221C099800B8509A /* Array.swift */ = {isa = PBXFileReference; lastKnownFileType = sourcecode.swift; path = Array.swift; sourceTree = "<group>"; };
		184394CD221FC25F00B8509A /* BitCompute.swift */ = {isa = PBXFileReference; lastKnownFileType = sourcecode.swift; path = BitCompute.swift; sourceTree = "<group>"; };
		184394D02223F30700B8509A /* Heap.swift */ = {isa = PBXFileReference; lastKnownFileType = sourcecode.swift; path = Heap.swift; sourceTree = "<group>"; };
		184394D32225349500B8509A /* Graph.swift */ = {isa = PBXFileReference; lastKnownFileType = sourcecode.swift; path = Graph.swift; sourceTree = "<group>"; };
		1850196D227E7C9D009DA33F /* HashSolution.swift */ = {isa = PBXFileReference; lastKnownFileType = sourcecode.swift; path = HashSolution.swift; sourceTree = "<group>"; };
		1850196F228280ED009DA33F /* RedBlackTree.swift */ = {isa = PBXFileReference; lastKnownFileType = sourcecode.swift; path = RedBlackTree.swift; sourceTree = "<group>"; };
		189A63E62242313A006D26CF /* Backtracking.swift */ = {isa = PBXFileReference; lastKnownFileType = sourcecode.swift; path = Backtracking.swift; sourceTree = "<group>"; };
		189EE9461FDBB92F001CA7EA /* LongestPalindrome.swift */ = {isa = PBXFileReference; lastKnownFileType = sourcecode.swift; path = LongestPalindrome.swift; sourceTree = "<group>"; };
		18A52DCC1FCBF451005A3B6E /* LeetCode */ = {isa = PBXFileReference; explicitFileType = "compiled.mach-o.executable"; includeInIndex = 0; path = LeetCode; sourceTree = BUILT_PRODUCTS_DIR; };
		18A52DCF1FCBF451005A3B6E /* main.swift */ = {isa = PBXFileReference; lastKnownFileType = sourcecode.swift; path = main.swift; sourceTree = "<group>"; };
		18A52DD61FCBF6BC005A3B6E /* LC2Sum.swift */ = {isa = PBXFileReference; lastKnownFileType = sourcecode.swift; path = LC2Sum.swift; sourceTree = "<group>"; };
		18A52DD81FCBF8FA005A3B6E /* LCStack.swift */ = {isa = PBXFileReference; lastKnownFileType = sourcecode.swift; path = LCStack.swift; sourceTree = "<group>"; };
		18A52DDA1FCC0615005A3B6E /* MergeSortedArray.swift */ = {isa = PBXFileReference; lastKnownFileType = sourcecode.swift; path = MergeSortedArray.swift; sourceTree = "<group>"; };
		18A5B8692017304D003623BB /* FindDisappearNumber.swift */ = {isa = PBXFileReference; lastKnownFileType = sourcecode.swift; path = FindDisappearNumber.swift; sourceTree = "<group>"; };
		18A5B86B20173E37003623BB /* RemoveElement.swift */ = {isa = PBXFileReference; lastKnownFileType = sourcecode.swift; path = RemoveElement.swift; sourceTree = "<group>"; };
		18AC07FF22851E9000A0551E /* StringSolution.swift */ = {isa = PBXFileReference; lastKnownFileType = sourcecode.swift; path = StringSolution.swift; sourceTree = "<group>"; };
		18AF899C20243885003EBB1D /* FindPivotIndex.swift */ = {isa = PBXFileReference; lastKnownFileType = sourcecode.swift; path = FindPivotIndex.swift; sourceTree = "<group>"; };
		18B18749201AC4FD00842F09 /* ToeplitzMatrix.swift */ = {isa = PBXFileReference; lastKnownFileType = sourcecode.swift; path = ToeplitzMatrix.swift; sourceTree = "<group>"; };
		18B4F33E2018215800CDD3A9 /* LargestOfArray.swift */ = {isa = PBXFileReference; lastKnownFileType = sourcecode.swift; path = LargestOfArray.swift; sourceTree = "<group>"; };
		18B4F3402018283E00CDD3A9 /* SearchInsertPosition.swift */ = {isa = PBXFileReference; lastKnownFileType = sourcecode.swift; path = SearchInsertPosition.swift; sourceTree = "<group>"; };
		18B4F3462018367100CDD3A9 /* unitTest.xctest */ = {isa = PBXFileReference; explicitFileType = wrapper.cfbundle; includeInIndex = 0; path = unitTest.xctest; sourceTree = BUILT_PRODUCTS_DIR; };
		18B4F3482018367100CDD3A9 /* unitTest.swift */ = {isa = PBXFileReference; lastKnownFileType = sourcecode.swift; path = unitTest.swift; sourceTree = "<group>"; };
		18B4F34A2018367100CDD3A9 /* Info.plist */ = {isa = PBXFileReference; lastKnownFileType = text.plist.xml; path = Info.plist; sourceTree = "<group>"; };
		18B4F35520185B6400CDD3A9 /* MinCostClimbingStairs.swift */ = {isa = PBXFileReference; lastKnownFileType = sourcecode.swift; path = MinCostClimbingStairs.swift; sourceTree = "<group>"; };
		18C702B9201978C70097F051 /* RemoveDuplicates.swift */ = {isa = PBXFileReference; lastKnownFileType = sourcecode.swift; path = RemoveDuplicates.swift; sourceTree = "<group>"; };
		18C702CE2019BD790097F051 /* MaximumSubarray.swift */ = {isa = PBXFileReference; lastKnownFileType = sourcecode.swift; path = MaximumSubarray.swift; sourceTree = "<group>"; };
		18C702D12019CB210097F051 /* PlusOne.swift */ = {isa = PBXFileReference; lastKnownFileType = sourcecode.swift; path = PlusOne.swift; sourceTree = "<group>"; };
		18C702D42019E10B0097F051 /* PascalTriangle .swift */ = {isa = PBXFileReference; lastKnownFileType = sourcecode.swift; path = "PascalTriangle .swift"; sourceTree = "<group>"; };
		18D7B5511FCD482F00D7AF18 /* OneBitTwoBitCharacters.swift */ = {isa = PBXFileReference; lastKnownFileType = sourcecode.swift; path = OneBitTwoBitCharacters.swift; sourceTree = "<group>"; };
		18D7B5531FCE781100D7AF18 /* DegreeOfAnArray.swift */ = {isa = PBXFileReference; lastKnownFileType = sourcecode.swift; path = DegreeOfAnArray.swift; sourceTree = "<group>"; };
		18D7B5551FCE9D4E00D7AF18 /* MaxAreaOfIsland.swift */ = {isa = PBXFileReference; lastKnownFileType = sourcecode.swift; path = MaxAreaOfIsland.swift; sourceTree = "<group>"; };
		18D7B5581FCEAD3400D7AF18 /* AddTwoNumbers.swift */ = {isa = PBXFileReference; lastKnownFileType = sourcecode.swift; path = AddTwoNumbers.swift; sourceTree = "<group>"; };
		18ED201D22E15AF50021E2B1 /* MaxSubArraySolution.swift */ = {isa = PBXFileReference; lastKnownFileType = sourcecode.swift; path = MaxSubArraySolution.swift; sourceTree = "<group>"; };
		F4519458203AB7B80000CD0A /* LongestContinuousIncresingSub.swift */ = {isa = PBXFileReference; lastKnownFileType = sourcecode.swift; path = LongestContinuousIncresingSub.swift; sourceTree = "<group>"; };
		F451945A203BEAB40000CD0A /* MaximumAverageSubarray.swift */ = {isa = PBXFileReference; lastKnownFileType = sourcecode.swift; path = MaximumAverageSubarray.swift; sourceTree = "<group>"; };
/* End PBXFileReference section */

/* Begin PBXFrameworksBuildPhase section */
		18A52DC91FCBF451005A3B6E /* Frameworks */ = {
			isa = PBXFrameworksBuildPhase;
			buildActionMask = 2147483647;
			files = (
			);
			runOnlyForDeploymentPostprocessing = 0;
		};
		18B4F3432018367100CDD3A9 /* Frameworks */ = {
			isa = PBXFrameworksBuildPhase;
			buildActionMask = 2147483647;
			files = (
			);
			runOnlyForDeploymentPostprocessing = 0;
		};
/* End PBXFrameworksBuildPhase section */

/* Begin PBXGroup section */
		184394C1221BDF9000B8509A /* LinkedList */ = {
			isa = PBXGroup;
			children = (
				184394C9221BE1A500B8509A /* LinkNode.swift */,
			);
			path = LinkedList;
			sourceTree = "<group>";
		};
		184394C3221BE10800B8509A /* BinaryTree */ = {
			isa = PBXGroup;
			children = (
				184394C7221BE19C00B8509A /* TreeNode.swift */,
			);
			path = BinaryTree;
			sourceTree = "<group>";
		};
		184394C4221BE11400B8509A /* BinarySearch */ = {
			isa = PBXGroup;
			children = (
				184394C5221BE18A00B8509A /* BinarySearch.swift */,
			);
			path = BinarySearch;
			sourceTree = "<group>";
		};
		184394CF2223F2FA00B8509A /* Heap */ = {
			isa = PBXGroup;
			children = (
				184394D02223F30700B8509A /* Heap.swift */,
				18289BFA222CF2E100184949 /* Dijkstra.swift */,
			);
			path = Heap;
			sourceTree = "<group>";
		};
		184394D22225347000B8509A /* DepthFirstSearch */ = {
			isa = PBXGroup;
			children = (
				184394D32225349500B8509A /* Graph.swift */,
			);
			path = DepthFirstSearch;
			sourceTree = "<group>";
		};
		189A63E3224227E0006D26CF /* Backtracking */ = {
			isa = PBXGroup;
			children = (
				189A63E62242313A006D26CF /* Backtracking.swift */,
			);
			path = Backtracking;
			sourceTree = "<group>";
		};
		18A52DC31FCBF451005A3B6E = {
			isa = PBXGroup;
			children = (
				18A52DCE1FCBF451005A3B6E /* LeetCode */,
				18B4F3472018367100CDD3A9 /* unitTest */,
				18A52DCD1FCBF451005A3B6E /* Products */,
			);
			sourceTree = "<group>";
		};
		18A52DCD1FCBF451005A3B6E /* Products */ = {
			isa = PBXGroup;
			children = (
				18A52DCC1FCBF451005A3B6E /* LeetCode */,
				18B4F3462018367100CDD3A9 /* unitTest.xctest */,
			);
			name = Products;
			sourceTree = "<group>";
		};
		18A52DCE1FCBF451005A3B6E /* LeetCode */ = {
			isa = PBXGroup;
			children = (
				18A52DCF1FCBF451005A3B6E /* main.swift */,
				184394CD221FC25F00B8509A /* BitCompute.swift */,
				1850196D227E7C9D009DA33F /* HashSolution.swift */,
				1850196F228280ED009DA33F /* RedBlackTree.swift */,
				18AC07FF22851E9000A0551E /* StringSolution.swift */,
				189A63E3224227E0006D26CF /* Backtracking */,
				184394D22225347000B8509A /* DepthFirstSearch */,
				184394CF2223F2FA00B8509A /* Heap */,
				184394C4221BE11400B8509A /* BinarySearch */,
				184394C3221BE10800B8509A /* BinaryTree */,
				184394C1221BDF9000B8509A /* LinkedList */,
				18A5B86820173039003623BB /* Array */,
				18D7B5571FCEAD2200D7AF18 /* New Group */,
				18A52DD61FCBF6BC005A3B6E /* LC2Sum.swift */,
				18A52DD81FCBF8FA005A3B6E /* LCStack.swift */,
				18A52DDA1FCC0615005A3B6E /* MergeSortedArray.swift */,
				18D7B5511FCD482F00D7AF18 /* OneBitTwoBitCharacters.swift */,
				18D7B5531FCE781100D7AF18 /* DegreeOfAnArray.swift */,
				18D7B5551FCE9D4E00D7AF18 /* MaxAreaOfIsland.swift */,
			);
			path = LeetCode;
			sourceTree = "<group>";
		};
		18A5B86820173039003623BB /* Array */ = {
			isa = PBXGroup;
			children = (
				18A5B8692017304D003623BB /* FindDisappearNumber.swift */,
				18A5B86B20173E37003623BB /* RemoveElement.swift */,
				18B4F33E2018215800CDD3A9 /* LargestOfArray.swift */,
				18B4F3402018283E00CDD3A9 /* SearchInsertPosition.swift */,
				18B4F35520185B6400CDD3A9 /* MinCostClimbingStairs.swift */,
				18C702B9201978C70097F051 /* RemoveDuplicates.swift */,
				18C702CE2019BD790097F051 /* MaximumSubarray.swift */,
				18C702D12019CB210097F051 /* PlusOne.swift */,
				18C702D42019E10B0097F051 /* PascalTriangle .swift */,
				18B18749201AC4FD00842F09 /* ToeplitzMatrix.swift */,
				18AF899C20243885003EBB1D /* FindPivotIndex.swift */,
				F4519458203AB7B80000CD0A /* LongestContinuousIncresingSub.swift */,
				F451945A203BEAB40000CD0A /* MaximumAverageSubarray.swift */,
				184394CB221C099800B8509A /* Array.swift */,
				1806A64F225C8A2000369540 /* DoubleNodeSolution.swift */,
			);
			name = Array;
			sourceTree = "<group>";
		};
		18B4F3472018367100CDD3A9 /* unitTest */ = {
			isa = PBXGroup;
			children = (
				18B4F3482018367100CDD3A9 /* unitTest.swift */,
				18B4F34A2018367100CDD3A9 /* Info.plist */,
			);
			path = unitTest;
			sourceTree = "<group>";
		};
		18D7B5571FCEAD2200D7AF18 /* New Group */ = {
			isa = PBXGroup;
			children = (
				18D7B5581FCEAD3400D7AF18 /* AddTwoNumbers.swift */,
				189EE9461FDBB92F001CA7EA /* LongestPalindrome.swift */,
				18ED201D22E15AF50021E2B1 /* MaxSubArraySolution.swift */,
			);
			path = "New Group";
			sourceTree = "<group>";
		};
/* End PBXGroup section */

/* Begin PBXNativeTarget section */
		18A52DCB1FCBF451005A3B6E /* LeetCode */ = {
			isa = PBXNativeTarget;
			buildConfigurationList = 18A52DD31FCBF451005A3B6E /* Build configuration list for PBXNativeTarget "LeetCode" */;
			buildPhases = (
				18A52DC81FCBF451005A3B6E /* Sources */,
				18A52DC91FCBF451005A3B6E /* Frameworks */,
				18A52DCA1FCBF451005A3B6E /* CopyFiles */,
			);
			buildRules = (
			);
			dependencies = (
			);
			name = LeetCode;
			productName = LeetCode;
			productReference = 18A52DCC1FCBF451005A3B6E /* LeetCode */;
			productType = "com.apple.product-type.tool";
		};
		18B4F3452018367100CDD3A9 /* unitTest */ = {
			isa = PBXNativeTarget;
			buildConfigurationList = 18B4F34B2018367100CDD3A9 /* Build configuration list for PBXNativeTarget "unitTest" */;
			buildPhases = (
				18B4F3422018367100CDD3A9 /* Sources */,
				18B4F3432018367100CDD3A9 /* Frameworks */,
				18B4F3442018367100CDD3A9 /* Resources */,
			);
			buildRules = (
			);
			dependencies = (
			);
			name = unitTest;
			productName = unitTest;
			productReference = 18B4F3462018367100CDD3A9 /* unitTest.xctest */;
			productType = "com.apple.product-type.bundle.unit-test";
		};
/* End PBXNativeTarget section */

/* Begin PBXProject section */
		18A52DC41FCBF451005A3B6E /* Project object */ = {
			isa = PBXProject;
			attributes = {
				LastSwiftUpdateCheck = 0920;
				LastUpgradeCheck = 1010;
				ORGANIZATIONNAME = Pszertlek;
				TargetAttributes = {
					18A52DCB1FCBF451005A3B6E = {
						CreatedOnToolsVersion = 9.1;
						LastSwiftMigration = 1020;
						ProvisioningStyle = Automatic;
					};
					18B4F3452018367100CDD3A9 = {
						CreatedOnToolsVersion = 9.2;
						ProvisioningStyle = Automatic;
					};
				};
			};
			buildConfigurationList = 18A52DC71FCBF451005A3B6E /* Build configuration list for PBXProject "LeetCode" */;
			compatibilityVersion = "Xcode 8.0";
			developmentRegion = en;
			hasScannedForEncodings = 0;
			knownRegions = (
				en,
			);
			mainGroup = 18A52DC31FCBF451005A3B6E;
			productRefGroup = 18A52DCD1FCBF451005A3B6E /* Products */;
			projectDirPath = "";
			projectRoot = "";
			targets = (
				18A52DCB1FCBF451005A3B6E /* LeetCode */,
				18B4F3452018367100CDD3A9 /* unitTest */,
			);
		};
/* End PBXProject section */

/* Begin PBXResourcesBuildPhase section */
		18B4F3442018367100CDD3A9 /* Resources */ = {
			isa = PBXResourcesBuildPhase;
			buildActionMask = 2147483647;
			files = (
			);
			runOnlyForDeploymentPostprocessing = 0;
		};
/* End PBXResourcesBuildPhase section */

/* Begin PBXSourcesBuildPhase section */
		18A52DC81FCBF451005A3B6E /* Sources */ = {
			isa = PBXSourcesBuildPhase;
			buildActionMask = 2147483647;
			files = (
				18A52DD01FCBF451005A3B6E /* main.swift in Sources */,
				18B1874A201AC4FD00842F09 /* ToeplitzMatrix.swift in Sources */,
				184394D42225349500B8509A /* Graph.swift in Sources */,
				18A52DDB1FCC0615005A3B6E /* MergeSortedArray.swift in Sources */,
				18A5B86C20173E37003623BB /* RemoveElement.swift in Sources */,
				18A52DD71FCBF6BC005A3B6E /* LC2Sum.swift in Sources */,
				18D7B5561FCE9D4E00D7AF18 /* MaxAreaOfIsland.swift in Sources */,
				1850196E227E7C9D009DA33F /* HashSolution.swift in Sources */,
				18D7B5541FCE781100D7AF18 /* DegreeOfAnArray.swift in Sources */,
				189A63E72242313A006D26CF /* Backtracking.swift in Sources */,
				189EE9471FDBB92F001CA7EA /* LongestPalindrome.swift in Sources */,
				184394CE221FC25F00B8509A /* BitCompute.swift in Sources */,
				18C702CF2019BD790097F051 /* MaximumSubarray.swift in Sources */,
				184394CC221C099800B8509A /* Array.swift in Sources */,
				18D7B5591FCEAD3400D7AF18 /* AddTwoNumbers.swift in Sources */,
				18AF899D20243885003EBB1D /* FindPivotIndex.swift in Sources */,
				F4519459203AB7B80000CD0A /* LongestContinuousIncresingSub.swift in Sources */,
				18B4F3412018283E00CDD3A9 /* SearchInsertPosition.swift in Sources */,
				1806A650225C8A2000369540 /* DoubleNodeSolution.swift in Sources */,
				18D7B5521FCD482F00D7AF18 /* OneBitTwoBitCharacters.swift in Sources */,
				18ED201E22E15AF50021E2B1 /* MaxSubArraySolution.swift in Sources */,
				184394C6221BE18A00B8509A /* BinarySearch.swift in Sources */,
				18C702D22019CB210097F051 /* PlusOne.swift in Sources */,
				18C702BA201978C70097F051 /* RemoveDuplicates.swift in Sources */,
				18B4F35620185B6400CDD3A9 /* MinCostClimbingStairs.swift in Sources */,
				18C702D52019E10B0097F051 /* PascalTriangle .swift in Sources */,
				18501970228280ED009DA33F /* RedBlackTree.swift in Sources */,
				18B4F33F2018215800CDD3A9 /* LargestOfArray.swift in Sources */,
				18AC080022851E9000A0551E /* StringSolution.swift in Sources */,
				F451945B203BEAB40000CD0A /* MaximumAverageSubarray.swift in Sources */,
				18A52DD91FCBF8FA005A3B6E /* LCStack.swift in Sources */,
				18A5B86A2017304D003623BB /* FindDisappearNumber.swift in Sources */,
				184394CA221BE1A500B8509A /* LinkNode.swift in Sources */,
				184394C8221BE19C00B8509A /* TreeNode.swift in Sources */,
				184394D12223F30700B8509A /* Heap.swift in Sources */,
				18289BFB222CF2E100184949 /* Dijkstra.swift in Sources */,
			);
			runOnlyForDeploymentPostprocessing = 0;
		};
		18B4F3422018367100CDD3A9 /* Sources */ = {
			isa = PBXSourcesBuildPhase;
			buildActionMask = 2147483647;
			files = (
				18B4F3492018367100CDD3A9 /* unitTest.swift in Sources */,
				18B4F3502018547000CDD3A9 /* LargestOfArray.swift in Sources */,
				18C702D32019CB210097F051 /* PlusOne.swift in Sources */,
				18B4F3522018547500CDD3A9 /* AddTwoNumbers.swift in Sources */,
				18C702BB201978C70097F051 /* RemoveDuplicates.swift in Sources */,
				18B4F3542018547900CDD3A9 /* LC2Sum.swift in Sources */,
				18B4F34E2018546900CDD3A9 /* FindDisappearNumber.swift in Sources */,
				18FF6AB92491CDAC00337E39 /* StringSolution.swift in Sources */,
				18B4F34F2018546E00CDD3A9 /* RemoveElement.swift in Sources */,
				18C702D62019E10B0097F051 /* PascalTriangle .swift in Sources */,
				18B4F35720185B6400CDD3A9 /* MinCostClimbingStairs.swift in Sources */,
				18C702D02019BD790097F051 /* MaximumSubarray.swift in Sources */,
			);
			runOnlyForDeploymentPostprocessing = 0;
		};
/* End PBXSourcesBuildPhase section */

/* Begin XCBuildConfiguration section */
		18A52DD11FCBF451005A3B6E /* Debug */ = {
			isa = XCBuildConfiguration;
			buildSettings = {
				ALWAYS_SEARCH_USER_PATHS = NO;
				CLANG_ANALYZER_NONNULL = YES;
				CLANG_ANALYZER_NUMBER_OBJECT_CONVERSION = YES_AGGRESSIVE;
				CLANG_CXX_LANGUAGE_STANDARD = "gnu++14";
				CLANG_CXX_LIBRARY = "libc++";
				CLANG_ENABLE_MODULES = YES;
				CLANG_ENABLE_OBJC_ARC = YES;
				CLANG_WARN_BLOCK_CAPTURE_AUTORELEASING = YES;
				CLANG_WARN_BOOL_CONVERSION = YES;
				CLANG_WARN_COMMA = YES;
				CLANG_WARN_CONSTANT_CONVERSION = YES;
				CLANG_WARN_DEPRECATED_OBJC_IMPLEMENTATIONS = YES;
				CLANG_WARN_DIRECT_OBJC_ISA_USAGE = YES_ERROR;
				CLANG_WARN_DOCUMENTATION_COMMENTS = YES;
				CLANG_WARN_EMPTY_BODY = YES;
				CLANG_WARN_ENUM_CONVERSION = YES;
				CLANG_WARN_INFINITE_RECURSION = YES;
				CLANG_WARN_INT_CONVERSION = YES;
				CLANG_WARN_NON_LITERAL_NULL_CONVERSION = YES;
				CLANG_WARN_OBJC_IMPLICIT_RETAIN_SELF = YES;
				CLANG_WARN_OBJC_LITERAL_CONVERSION = YES;
				CLANG_WARN_OBJC_ROOT_CLASS = YES_ERROR;
				CLANG_WARN_RANGE_LOOP_ANALYSIS = YES;
				CLANG_WARN_STRICT_PROTOTYPES = YES;
				CLANG_WARN_SUSPICIOUS_MOVE = YES;
				CLANG_WARN_UNGUARDED_AVAILABILITY = YES_AGGRESSIVE;
				CLANG_WARN_UNREACHABLE_CODE = YES;
				CLANG_WARN__DUPLICATE_METHOD_MATCH = YES;
				CODE_SIGN_IDENTITY = "Mac Developer";
				COPY_PHASE_STRIP = NO;
				DEBUG_INFORMATION_FORMAT = dwarf;
				ENABLE_STRICT_OBJC_MSGSEND = YES;
				ENABLE_TESTABILITY = YES;
				GCC_C_LANGUAGE_STANDARD = gnu11;
				GCC_DYNAMIC_NO_PIC = NO;
				GCC_NO_COMMON_BLOCKS = YES;
				GCC_OPTIMIZATION_LEVEL = 0;
				GCC_PREPROCESSOR_DEFINITIONS = (
					"DEBUG=1",
					"$(inherited)",
				);
				GCC_WARN_64_TO_32_BIT_CONVERSION = YES;
				GCC_WARN_ABOUT_RETURN_TYPE = YES_ERROR;
				GCC_WARN_UNDECLARED_SELECTOR = YES;
				GCC_WARN_UNINITIALIZED_AUTOS = YES_AGGRESSIVE;
				GCC_WARN_UNUSED_FUNCTION = YES;
				GCC_WARN_UNUSED_VARIABLE = YES;
				MACOSX_DEPLOYMENT_TARGET = 10.15;
				MTL_ENABLE_DEBUG_INFO = YES;
				ONLY_ACTIVE_ARCH = YES;
				SDKROOT = macosx;
				SWIFT_ACTIVE_COMPILATION_CONDITIONS = DEBUG;
				SWIFT_OPTIMIZATION_LEVEL = "-Onone";
			};
			name = Debug;
		};
		18A52DD21FCBF451005A3B6E /* Release */ = {
			isa = XCBuildConfiguration;
			buildSettings = {
				ALWAYS_SEARCH_USER_PATHS = NO;
				CLANG_ANALYZER_NONNULL = YES;
				CLANG_ANALYZER_NUMBER_OBJECT_CONVERSION = YES_AGGRESSIVE;
				CLANG_CXX_LANGUAGE_STANDARD = "gnu++14";
				CLANG_CXX_LIBRARY = "libc++";
				CLANG_ENABLE_MODULES = YES;
				CLANG_ENABLE_OBJC_ARC = YES;
				CLANG_WARN_BLOCK_CAPTURE_AUTORELEASING = YES;
				CLANG_WARN_BOOL_CONVERSION = YES;
				CLANG_WARN_COMMA = YES;
				CLANG_WARN_CONSTANT_CONVERSION = YES;
				CLANG_WARN_DEPRECATED_OBJC_IMPLEMENTATIONS = YES;
				CLANG_WARN_DIRECT_OBJC_ISA_USAGE = YES_ERROR;
				CLANG_WARN_DOCUMENTATION_COMMENTS = YES;
				CLANG_WARN_EMPTY_BODY = YES;
				CLANG_WARN_ENUM_CONVERSION = YES;
				CLANG_WARN_INFINITE_RECURSION = YES;
				CLANG_WARN_INT_CONVERSION = YES;
				CLANG_WARN_NON_LITERAL_NULL_CONVERSION = YES;
				CLANG_WARN_OBJC_IMPLICIT_RETAIN_SELF = YES;
				CLANG_WARN_OBJC_LITERAL_CONVERSION = YES;
				CLANG_WARN_OBJC_ROOT_CLASS = YES_ERROR;
				CLANG_WARN_RANGE_LOOP_ANALYSIS = YES;
				CLANG_WARN_STRICT_PROTOTYPES = YES;
				CLANG_WARN_SUSPICIOUS_MOVE = YES;
				CLANG_WARN_UNGUARDED_AVAILABILITY = YES_AGGRESSIVE;
				CLANG_WARN_UNREACHABLE_CODE = YES;
				CLANG_WARN__DUPLICATE_METHOD_MATCH = YES;
				CODE_SIGN_IDENTITY = "Mac Developer";
				COPY_PHASE_STRIP = NO;
				DEBUG_INFORMATION_FORMAT = "dwarf-with-dsym";
				ENABLE_NS_ASSERTIONS = NO;
				ENABLE_STRICT_OBJC_MSGSEND = YES;
				GCC_C_LANGUAGE_STANDARD = gnu11;
				GCC_NO_COMMON_BLOCKS = YES;
				GCC_WARN_64_TO_32_BIT_CONVERSION = YES;
				GCC_WARN_ABOUT_RETURN_TYPE = YES_ERROR;
				GCC_WARN_UNDECLARED_SELECTOR = YES;
				GCC_WARN_UNINITIALIZED_AUTOS = YES_AGGRESSIVE;
				GCC_WARN_UNUSED_FUNCTION = YES;
				GCC_WARN_UNUSED_VARIABLE = YES;
				MACOSX_DEPLOYMENT_TARGET = 10.15;
				MTL_ENABLE_DEBUG_INFO = NO;
				SDKROOT = macosx;
				SWIFT_OPTIMIZATION_LEVEL = "-Owholemodule";
			};
			name = Release;
		};
		18A52DD41FCBF451005A3B6E /* Debug */ = {
			isa = XCBuildConfiguration;
			buildSettings = {
				CODE_SIGN_STYLE = Automatic;
				DEVELOPMENT_TEAM = WEZ4TNATDY;
				MACOSX_DEPLOYMENT_TARGET = 10.15;
				PRODUCT_NAME = "$(TARGET_NAME)";
				SWIFT_VERSION = 5.0;
			};
			name = Debug;
		};
		18A52DD51FCBF451005A3B6E /* Release */ = {
			isa = XCBuildConfiguration;
			buildSettings = {
				CODE_SIGN_STYLE = Automatic;
				DEVELOPMENT_TEAM = WEZ4TNATDY;
				MACOSX_DEPLOYMENT_TARGET = 10.15;
				PRODUCT_NAME = "$(TARGET_NAME)";
				SWIFT_VERSION = 5.0;
			};
			name = Release;
		};
		18B4F34C2018367100CDD3A9 /* Debug */ = {
			isa = XCBuildConfiguration;
			buildSettings = {
				CODE_SIGN_STYLE = Automatic;
				COMBINE_HIDPI_IMAGES = YES;
				DEVELOPMENT_TEAM = WEZ4TNATDY;
				INFOPLIST_FILE = unitTest/Info.plist;
				LD_RUNPATH_SEARCH_PATHS = "$(inherited) @executable_path/../Frameworks @loader_path/../Frameworks";
				PRODUCT_BUNDLE_IDENTIFIER = BroadLink.unitTest;
				PRODUCT_NAME = "$(TARGET_NAME)";
				SWIFT_VERSION = 5.0;
			};
			name = Debug;
		};
		18B4F34D2018367100CDD3A9 /* Release */ = {
			isa = XCBuildConfiguration;
			buildSettings = {
				CODE_SIGN_STYLE = Automatic;
				COMBINE_HIDPI_IMAGES = YES;
				DEVELOPMENT_TEAM = WEZ4TNATDY;
				INFOPLIST_FILE = unitTest/Info.plist;
				LD_RUNPATH_SEARCH_PATHS = "$(inherited) @executable_path/../Frameworks @loader_path/../Frameworks";
				PRODUCT_BUNDLE_IDENTIFIER = BroadLink.unitTest;
				PRODUCT_NAME = "$(TARGET_NAME)";
				SWIFT_VERSION = 5.0;
			};
			name = Release;
		};
/* End XCBuildConfiguration section */

/* Begin XCConfigurationList section */
		18A52DC71FCBF451005A3B6E /* Build configuration list for PBXProject "LeetCode" */ = {
			isa = XCConfigurationList;
			buildConfigurations = (
				18A52DD11FCBF451005A3B6E /* Debug */,
				18A52DD21FCBF451005A3B6E /* Release */,
			);
			defaultConfigurationIsVisible = 0;
			defaultConfigurationName = Release;
		};
		18A52DD31FCBF451005A3B6E /* Build configuration list for PBXNativeTarget "LeetCode" */ = {
			isa = XCConfigurationList;
			buildConfigurations = (
				18A52DD41FCBF451005A3B6E /* Debug */,
				18A52DD51FCBF451005A3B6E /* Release */,
			);
			defaultConfigurationIsVisible = 0;
			defaultConfigurationName = Release;
		};
		18B4F34B2018367100CDD3A9 /* Build configuration list for PBXNativeTarget "unitTest" */ = {
			isa = XCConfigurationList;
			buildConfigurations = (
				18B4F34C2018367100CDD3A9 /* Debug */,
				18B4F34D2018367100CDD3A9 /* Release */,
			);
			defaultConfigurationIsVisible = 0;
			defaultConfigurationName = Release;
		};
/* End XCConfigurationList section */
	};
	rootObject = 18A52DC41FCBF451005A3B6E /* Project object */;
}
